{
  "name": "my-app",
  "version": "1.0.0",
  "lockfileVersion": 3,
  "requires": true,
  "packages": {
    "": {
      "name": "my-app",
      "version": "1.0.0",
      "dependencies": {
        "express": "^4.18.2"
      },
      "devDependencies": {
        "eslint": "^8.50.0",
        "jest": "^29.0.0",
        "supertest": "^6.3.3"
      }
    }
  },
  "dependencies": {
    "express": {
      "version": "4.18.2",
      "resolved": "https://registry.npmjs.org/express/-/express-4.18.2.tgz",
      "integrity": "sha512-LfG44Al1wO0ONk5/qzMiHsYfn1jjuWB+FTIYx6hGg9rMkQ6Q0V0I6j1Wb5sM0C7gr+7K9Y/xSlKcPbw3sJAXDQ==",
      "dev": false,
      "engines": {
        "node": ">= 0.10.0"
      }
    },
    "eslint": {
      "version": "8.50.0",
      "resolved": "https://registry.npmjs.org/eslint/-/eslint-8.50.0.tgz",
      "integrity": "sha512-+T6o5tD9uvXHlQJG2XfWtb3m6QZ1c2I60E5/kFvV6UShFObD0nP1dVQa6M3IlIq/5r5qGvEX5u2JuZ8H3lpMQ==",
      "dev": true
    },
    "jest": {
      "version": "29.0.0",
      "resolved": "https://registry.npmjs.org/jest/-/jest-29.0.0.tgz",
      "integrity": "sha512-uIhPL0s+tC37wFy6X6IY+gk3dqLM4xqT0DQEWjUuL1rNw3v6Qv/3Rk6Y6DHVv1J6m2VjS4oJZZz5z7BbXG7V0Q==",
      "dev": true
    },
    "supertest": {
      "version": "6.3.3",
      "resolved": "https://registry.npmjs.org/supertest/-/supertest-6.3.3.tgz",
      "integrity": "sha512-F1D5Q2nVnZjZl6YhtkmyLEW5qXz+R/Uh5m0XZG3kEoNFlx1i8t/7ls9trpKxYFQZtX53OGfqzXrjkqGmTnxz6Q==",
      "dev": true,
      "dependencies": {
        "http-errors": "^2.0.0"
      }
    }
  }
}
